
Microsoft Visual Studio Solution File, Format Version 12.00
# Visual Studio Version 17
VisualStudioVersion = 17.14.36301.6 d17.14
MinimumVisualStudioVersion = 10.0.40219.1
Project("{FAE04EC0-301F-11D3-BF4B-00C04F79EFBC}") = "PayrollManagement.API", "PayrollManagement.API.csproj", "{8253DFC1-0A26-629F-EBB8-E897E2F79DF8}"
EndProject
Global
	GlobalSection(SolutionConfigurationPlatforms) = preSolution
		Debug|Any CPU = Debug|Any CPU
		Release|Any CPU = Release|Any CPU
	EndGlobalSection
	GlobalSection(ProjectConfigurationPlatforms) = postSolution
		{8253DFC1-0A26-629F-EBB8-E897E2F79DF8}.Debug|Any CPU.ActiveCfg = Debug|Any CPU
		{8253DFC1-0A26-629F-EBB8-E897E2F79DF8}.Debug|Any CPU.Build.0 = Debug|Any CPU
		{8253DFC1-0A26-629F-EBB8-E897E2F79DF8}.Release|Any CPU.ActiveCfg = Release|Any CPU
		{8253DFC1-0A26-629F-EBB8-E897E2F79DF8}.Release|Any CPU.Build.0 = Release|Any CPU
	EndGlobalSection
	GlobalSection(SolutionProperties) = preSolution
		HideSolutionNode = FALSE
	EndGlobalSection
	GlobalSection(ExtensibilityGlobals) = postSolution
		SolutionGuid = {107E7A6F-6874-4BDA-8254-F2B72C478D24}
	EndGlobalSection
EndGlobal
